
Microsoft Visual Studio Solution File, Format Version 12.00
# Visual Studio Version 17
VisualStudioVersion = 17.7.34018.315
MinimumVisualStudioVersion = 10.0.40219.1
Project("{FAE04EC0-301F-11D3-BF4B-00C04F79EFBC}") = "Validador", "Validador.csproj", "{219C857F-F0B4-44BC-8F70-1CDC2B49BE77}"
EndProject
Project("{FAE04EC0-301F-11D3-BF4B-00C04F79EFBC}") = "Operaciones", "..\Operaciones\Operaciones.csproj", "{FA514B35-1ECB-4357-A20A-DAE2AE80CEF6}"
EndProject
Global
	GlobalSection(SolutionConfigurationPlatforms) = preSolution
		Debug|Any CPU = Debug|Any CPU
		Release|Any CPU = Release|Any CPU
	EndGlobalSection
	GlobalSection(ProjectConfigurationPlatforms) = postSolution
		{219C857F-F0B4-44BC-8F70-1CDC2B49BE77}.Debug|Any CPU.ActiveCfg = Debug|Any CPU
		{219C857F-F0B4-44BC-8F70-1CDC2B49BE77}.Debug|Any CPU.Build.0 = Debug|Any CPU
		{219C857F-F0B4-44BC-8F70-1CDC2B49BE77}.Release|Any CPU.ActiveCfg = Release|Any CPU
		{219C857F-F0B4-44BC-8F70-1CDC2B49BE77}.Release|Any CPU.Build.0 = Release|Any CPU
		{FA514B35-1ECB-4357-A20A-DAE2AE80CEF6}.Debug|Any CPU.ActiveCfg = Debug|Any CPU
		{FA514B35-1ECB-4357-A20A-DAE2AE80CEF6}.Debug|Any CPU.Build.0 = Debug|Any CPU
		{FA514B35-1ECB-4357-A20A-DAE2AE80CEF6}.Release|Any CPU.ActiveCfg = Release|Any CPU
		{FA514B35-1ECB-4357-A20A-DAE2AE80CEF6}.Release|Any CPU.Build.0 = Release|Any CPU
	EndGlobalSection
	GlobalSection(SolutionProperties) = preSolution
		HideSolutionNode = FALSE
	EndGlobalSection
	GlobalSection(ExtensibilityGlobals) = postSolution
		SolutionGuid = {1C980CA5-4411-4853-92E2-6390EFE637C0}
	EndGlobalSection
EndGlobal
