
Microsoft Visual Studio Solution File, Format Version 12.00
# Visual Studio Version 17
VisualStudioVersion = 17.7.34018.315
MinimumVisualStudioVersion = 10.0.40219.1
Project("{9A19103F-16F7-4668-BE54-9A1E7A4F7556}") = "SistemaSYSACAD", "SistemaSYSACAD.csproj", "{B587FDDD-C74D-4761-BE2C-53FCB2FB5727}"
EndProject
Project("{9A19103F-16F7-4668-BE54-9A1E7A4F7556}") = "Biblioteca", "..\Biblioteca\Biblioteca.csproj", "{A6C6A977-0F2B-42C5-B74A-E81480072961}"
EndProject
Project("{9A19103F-16F7-4668-BE54-9A1E7A4F7556}") = "Formularios", "..\Formularios\Formularios.csproj", "{881170C3-63A1-49BF-88AC-296453B1AF50}"
EndProject
Project("{2150E333-8FDC-42A3-9474-1A3956D46DE8}") = "Archivos", "Archivos", "{9FE96450-C2D6-4B24-B830-734F90626EFD}"
EndProject
Global
	GlobalSection(SolutionConfigurationPlatforms) = preSolution
		Debug|Any CPU = Debug|Any CPU
		Release|Any CPU = Release|Any CPU
	EndGlobalSection
	GlobalSection(ProjectConfigurationPlatforms) = postSolution
		{B587FDDD-C74D-4761-BE2C-53FCB2FB5727}.Debug|Any CPU.ActiveCfg = Debug|Any CPU
		{B587FDDD-C74D-4761-BE2C-53FCB2FB5727}.Debug|Any CPU.Build.0 = Debug|Any CPU
		{B587FDDD-C74D-4761-BE2C-53FCB2FB5727}.Release|Any CPU.ActiveCfg = Release|Any CPU
		{B587FDDD-C74D-4761-BE2C-53FCB2FB5727}.Release|Any CPU.Build.0 = Release|Any CPU
		{A6C6A977-0F2B-42C5-B74A-E81480072961}.Debug|Any CPU.ActiveCfg = Debug|Any CPU
		{A6C6A977-0F2B-42C5-B74A-E81480072961}.Debug|Any CPU.Build.0 = Debug|Any CPU
		{A6C6A977-0F2B-42C5-B74A-E81480072961}.Release|Any CPU.ActiveCfg = Release|Any CPU
		{A6C6A977-0F2B-42C5-B74A-E81480072961}.Release|Any CPU.Build.0 = Release|Any CPU
		{881170C3-63A1-49BF-88AC-296453B1AF50}.Debug|Any CPU.ActiveCfg = Debug|Any CPU
		{881170C3-63A1-49BF-88AC-296453B1AF50}.Debug|Any CPU.Build.0 = Debug|Any CPU
		{881170C3-63A1-49BF-88AC-296453B1AF50}.Release|Any CPU.ActiveCfg = Release|Any CPU
		{881170C3-63A1-49BF-88AC-296453B1AF50}.Release|Any CPU.Build.0 = Release|Any CPU
	EndGlobalSection
	GlobalSection(SolutionProperties) = preSolution
		HideSolutionNode = FALSE
	EndGlobalSection
	GlobalSection(ExtensibilityGlobals) = postSolution
		SolutionGuid = {973AD153-5350-4EDD-B6B5-74BAE8691794}
	EndGlobalSection
EndGlobal
